
Microsoft Visual Studio Solution File, Format Version 12.00
# Visual Studio 2012
Project("{FAE04EC0-301F-11D3-BF4B-00C04F79EFBC}") = "SecKeyChainTest", "SecKeyChainTest\SecKeyChainTest.csproj", "{38FC2A8E-9AC8-434E-9E1F-7041114D4D09}"
EndProject
Global
	GlobalSection(SolutionConfigurationPlatforms) = preSolution
		Debug|iPhoneSimulator = Debug|iPhoneSimulator
		Release|iPhone = Release|iPhone
		Release|iPhoneSimulator = Release|iPhoneSimulator
		Debug|iPhone = Debug|iPhone
	EndGlobalSection
	GlobalSection(ProjectConfigurationPlatforms) = postSolution
		{38FC2A8E-9AC8-434E-9E1F-7041114D4D09}.Debug|iPhone.ActiveCfg = Debug|iPhone
		{38FC2A8E-9AC8-434E-9E1F-7041114D4D09}.Debug|iPhone.Build.0 = Debug|iPhone
		{38FC2A8E-9AC8-434E-9E1F-7041114D4D09}.Debug|iPhoneSimulator.ActiveCfg = Debug|iPhoneSimulator
		{38FC2A8E-9AC8-434E-9E1F-7041114D4D09}.Debug|iPhoneSimulator.Build.0 = Debug|iPhoneSimulator
		{38FC2A8E-9AC8-434E-9E1F-7041114D4D09}.Release|iPhone.ActiveCfg = Release|iPhone
		{38FC2A8E-9AC8-434E-9E1F-7041114D4D09}.Release|iPhone.Build.0 = Release|iPhone
		{38FC2A8E-9AC8-434E-9E1F-7041114D4D09}.Release|iPhoneSimulator.ActiveCfg = Release|iPhoneSimulator
		{38FC2A8E-9AC8-434E-9E1F-7041114D4D09}.Release|iPhoneSimulator.Build.0 = Release|iPhoneSimulator
	EndGlobalSection
EndGlobal
